
Microsoft Visual Studio Solution File, Format Version 12.00
# Visual Studio Version 16
VisualStudioVersion = 16.0.30711.63
MinimumVisualStudioVersion = 10.0.40219.1
Project("{FAE04EC0-301F-11D3-BF4B-00C04F79EFBC}") = "BooksLaba", "BooksLaba\BooksLaba.csproj", "{C24B4F86-B92A-4834-A7E0-F5C40DF64883}"
EndProject
Project("{FAE04EC0-301F-11D3-BF4B-00C04F79EFBC}") = "UnitTestProject1", "UnitTestProject1\UnitTestProject1.csproj", "{15F7AB14-041E-4CE6-91BA-B88517C1E17E}"
EndProject
Global
	GlobalSection(SolutionConfigurationPlatforms) = preSolution
		Debug|Any CPU = Debug|Any CPU
		Release|Any CPU = Release|Any CPU
	EndGlobalSection
	GlobalSection(ProjectConfigurationPlatforms) = postSolution
		{C24B4F86-B92A-4834-A7E0-F5C40DF64883}.Debug|Any CPU.ActiveCfg = Debug|Any CPU
		{C24B4F86-B92A-4834-A7E0-F5C40DF64883}.Debug|Any CPU.Build.0 = Debug|Any CPU
		{C24B4F86-B92A-4834-A7E0-F5C40DF64883}.Release|Any CPU.ActiveCfg = Release|Any CPU
		{C24B4F86-B92A-4834-A7E0-F5C40DF64883}.Release|Any CPU.Build.0 = Release|Any CPU
		{15F7AB14-041E-4CE6-91BA-B88517C1E17E}.Debug|Any CPU.ActiveCfg = Debug|Any CPU
		{15F7AB14-041E-4CE6-91BA-B88517C1E17E}.Debug|Any CPU.Build.0 = Debug|Any CPU
		{15F7AB14-041E-4CE6-91BA-B88517C1E17E}.Release|Any CPU.ActiveCfg = Release|Any CPU
		{15F7AB14-041E-4CE6-91BA-B88517C1E17E}.Release|Any CPU.Build.0 = Release|Any CPU
	EndGlobalSection
	GlobalSection(SolutionProperties) = preSolution
		HideSolutionNode = FALSE
	EndGlobalSection
	GlobalSection(ExtensibilityGlobals) = postSolution
		SolutionGuid = {DAC8C52B-256C-46F1-9EBA-CF332CE1D1F3}
	EndGlobalSection
EndGlobal
